
Microsoft Visual Studio Solution File, Format Version 12.00
# Visual Studio Version 17
VisualStudioVersion = 17.0.31903.59
MinimumVisualStudioVersion = 10.0.40219.1
Project("{FAE04EC0-301F-11D3-BF4B-00C04F79EFBC}") = "Mpdfin.Tests", "Mpdfin.Tests\Mpdfin.Tests.csproj", "{BF3FE530-E51A-48CC-A895-C86D43C218C9}"
EndProject
Project("{FAE04EC0-301F-11D3-BF4B-00C04F79EFBC}") = "Mpdfin", "Mpdfin/Mpdfin.csproj", "{29238D09-D76C-4C2C-907F-7F64D63AD17F}"
EndProject
Global
	GlobalSection(SolutionConfigurationPlatforms) = preSolution
		Debug|Any CPU = Debug|Any CPU
		Release|Any CPU = Release|Any CPU
	EndGlobalSection
	GlobalSection(SolutionProperties) = preSolution
		HideSolutionNode = FALSE
	EndGlobalSection
	GlobalSection(ProjectConfigurationPlatforms) = postSolution
		{BF3FE530-E51A-48CC-A895-C86D43C218C9}.Debug|Any CPU.ActiveCfg = Debug|Any CPU
		{BF3FE530-E51A-48CC-A895-C86D43C218C9}.Debug|Any CPU.Build.0 = Debug|Any CPU
		{BF3FE530-E51A-48CC-A895-C86D43C218C9}.Release|Any CPU.ActiveCfg = Release|Any CPU
		{BF3FE530-E51A-48CC-A895-C86D43C218C9}.Release|Any CPU.Build.0 = Release|Any CPU
		{29238D09-D76C-4C2C-907F-7F64D63AD17F}.Debug|Any CPU.ActiveCfg = Debug|Any CPU
		{29238D09-D76C-4C2C-907F-7F64D63AD17F}.Debug|Any CPU.Build.0 = Debug|Any CPU
		{29238D09-D76C-4C2C-907F-7F64D63AD17F}.Release|Any CPU.ActiveCfg = Release|Any CPU
		{29238D09-D76C-4C2C-907F-7F64D63AD17F}.Release|Any CPU.Build.0 = Release|Any CPU
	EndGlobalSection
EndGlobal
